
Microsoft Visual Studio Solution File, Format Version 12.00
# Visual Studio Version 16
VisualStudioVersion = 16.0.32602.291
MinimumVisualStudioVersion = 10.0.40219.1
Project("{FAE04EC0-301F-11D3-BF4B-00C04F79EFBC}") = "TvorchestvoProgram", "TvorchestvoProgram\TvorchestvoProgram.csproj", "{D69A5079-BED3-48BC-B304-6479C4C1E2B2}"
EndProject
Project("{FAE04EC0-301F-11D3-BF4B-00C04F79EFBC}") = "WebServerTvor", "WebServerTvor\WebServerTvor.csproj", "{031B3E75-F4BA-489A-88CB-0868442A910D}"
EndProject
Global
	GlobalSection(SolutionConfigurationPlatforms) = preSolution
		Debug|Any CPU = Debug|Any CPU
		Release|Any CPU = Release|Any CPU
	EndGlobalSection
	GlobalSection(ProjectConfigurationPlatforms) = postSolution
		{D69A5079-BED3-48BC-B304-6479C4C1E2B2}.Debug|Any CPU.ActiveCfg = Debug|Any CPU
		{D69A5079-BED3-48BC-B304-6479C4C1E2B2}.Debug|Any CPU.Build.0 = Debug|Any CPU
		{D69A5079-BED3-48BC-B304-6479C4C1E2B2}.Release|Any CPU.ActiveCfg = Release|Any CPU
		{D69A5079-BED3-48BC-B304-6479C4C1E2B2}.Release|Any CPU.Build.0 = Release|Any CPU
		{031B3E75-F4BA-489A-88CB-0868442A910D}.Debug|Any CPU.ActiveCfg = Debug|Any CPU
		{031B3E75-F4BA-489A-88CB-0868442A910D}.Debug|Any CPU.Build.0 = Debug|Any CPU
		{031B3E75-F4BA-489A-88CB-0868442A910D}.Release|Any CPU.ActiveCfg = Release|Any CPU
		{031B3E75-F4BA-489A-88CB-0868442A910D}.Release|Any CPU.Build.0 = Release|Any CPU
	EndGlobalSection
	GlobalSection(SolutionProperties) = preSolution
		HideSolutionNode = FALSE
	EndGlobalSection
	GlobalSection(ExtensibilityGlobals) = postSolution
		SolutionGuid = {557648AB-0447-4FD9-A177-8A8E8EDFD0D2}
	EndGlobalSection
EndGlobal
